
Microsoft Visual Studio Solution File, Format Version 12.00
# Visual Studio Version 17
VisualStudioVersion = 17.2.32526.322
MinimumVisualStudioVersion = 10.0.40219.1
Project("{FAE04EC0-301F-11D3-BF4B-00C04F79EFBC}") = "FireManagerConsole", "FireManagerConsole.csproj", "{9A974B3D-CB0D-4640-B83E-5BB96CE29625}"
EndProject
Project("{2150E333-8FDC-42A3-9474-1A3956D46DE8}") = "Solution Items", "Solution Items", "{E7D6F0FD-BED3-424F-A7D8-146421F7D207}"
	ProjectSection(SolutionItems) = preProject
		.editorconfig = .editorconfig
	EndProjectSection
EndProject
Project("{FAE04EC0-301F-11D3-BF4B-00C04F79EFBC}") = "БиблиотекаОкно", "Библиотеки\Собственные\Окно\БиблиотекаОкно.csproj", "{3C7D5160-30CD-42EF-BBB1-28B7B7BDB226}"
EndProject
Project("{FAE04EC0-301F-11D3-BF4B-00C04F79EFBC}") = "Операции", "Библиотеки\Собственные\Операции\Операции.csproj", "{1664DD0F-A3F0-44FD-97E6-278A03F003D7}"
EndProject
Global
	GlobalSection(SolutionConfigurationPlatforms) = preSolution
		Debug|Any CPU = Debug|Any CPU
		Debug|x64 = Debug|x64
		Debug|x86 = Debug|x86
		Release|Any CPU = Release|Any CPU
		Release|x64 = Release|x64
		Release|x86 = Release|x86
	EndGlobalSection
	GlobalSection(ProjectConfigurationPlatforms) = postSolution
		{9A974B3D-CB0D-4640-B83E-5BB96CE29625}.Debug|Any CPU.ActiveCfg = Debug|x64
		{9A974B3D-CB0D-4640-B83E-5BB96CE29625}.Debug|Any CPU.Build.0 = Debug|x64
		{9A974B3D-CB0D-4640-B83E-5BB96CE29625}.Debug|x64.ActiveCfg = Debug|x64
		{9A974B3D-CB0D-4640-B83E-5BB96CE29625}.Debug|x64.Build.0 = Debug|x64
		{9A974B3D-CB0D-4640-B83E-5BB96CE29625}.Debug|x86.ActiveCfg = Debug|x86
		{9A974B3D-CB0D-4640-B83E-5BB96CE29625}.Debug|x86.Build.0 = Debug|x86
		{9A974B3D-CB0D-4640-B83E-5BB96CE29625}.Release|Any CPU.ActiveCfg = Release|Any CPU
		{9A974B3D-CB0D-4640-B83E-5BB96CE29625}.Release|Any CPU.Build.0 = Release|Any CPU
		{9A974B3D-CB0D-4640-B83E-5BB96CE29625}.Release|x64.ActiveCfg = Release|x64
		{9A974B3D-CB0D-4640-B83E-5BB96CE29625}.Release|x64.Build.0 = Release|x64
		{9A974B3D-CB0D-4640-B83E-5BB96CE29625}.Release|x86.ActiveCfg = Release|x86
		{9A974B3D-CB0D-4640-B83E-5BB96CE29625}.Release|x86.Build.0 = Release|x86
		{3C7D5160-30CD-42EF-BBB1-28B7B7BDB226}.Debug|Any CPU.ActiveCfg = Debug|Any CPU
		{3C7D5160-30CD-42EF-BBB1-28B7B7BDB226}.Debug|Any CPU.Build.0 = Debug|Any CPU
		{3C7D5160-30CD-42EF-BBB1-28B7B7BDB226}.Debug|x64.ActiveCfg = Debug|Any CPU
		{3C7D5160-30CD-42EF-BBB1-28B7B7BDB226}.Debug|x64.Build.0 = Debug|Any CPU
		{3C7D5160-30CD-42EF-BBB1-28B7B7BDB226}.Debug|x86.ActiveCfg = Debug|Any CPU
		{3C7D5160-30CD-42EF-BBB1-28B7B7BDB226}.Debug|x86.Build.0 = Debug|Any CPU
		{3C7D5160-30CD-42EF-BBB1-28B7B7BDB226}.Release|Any CPU.ActiveCfg = Release|Any CPU
		{3C7D5160-30CD-42EF-BBB1-28B7B7BDB226}.Release|Any CPU.Build.0 = Release|Any CPU
		{3C7D5160-30CD-42EF-BBB1-28B7B7BDB226}.Release|x64.ActiveCfg = Release|Any CPU
		{3C7D5160-30CD-42EF-BBB1-28B7B7BDB226}.Release|x64.Build.0 = Release|Any CPU
		{3C7D5160-30CD-42EF-BBB1-28B7B7BDB226}.Release|x86.ActiveCfg = Release|Any CPU
		{3C7D5160-30CD-42EF-BBB1-28B7B7BDB226}.Release|x86.Build.0 = Release|Any CPU
		{1664DD0F-A3F0-44FD-97E6-278A03F003D7}.Debug|Any CPU.ActiveCfg = Debug|Any CPU
		{1664DD0F-A3F0-44FD-97E6-278A03F003D7}.Debug|Any CPU.Build.0 = Debug|Any CPU
		{1664DD0F-A3F0-44FD-97E6-278A03F003D7}.Debug|x64.ActiveCfg = Debug|Any CPU
		{1664DD0F-A3F0-44FD-97E6-278A03F003D7}.Debug|x64.Build.0 = Debug|Any CPU
		{1664DD0F-A3F0-44FD-97E6-278A03F003D7}.Debug|x86.ActiveCfg = Debug|Any CPU
		{1664DD0F-A3F0-44FD-97E6-278A03F003D7}.Debug|x86.Build.0 = Debug|Any CPU
		{1664DD0F-A3F0-44FD-97E6-278A03F003D7}.Release|Any CPU.ActiveCfg = Release|Any CPU
		{1664DD0F-A3F0-44FD-97E6-278A03F003D7}.Release|Any CPU.Build.0 = Release|Any CPU
		{1664DD0F-A3F0-44FD-97E6-278A03F003D7}.Release|x64.ActiveCfg = Release|Any CPU
		{1664DD0F-A3F0-44FD-97E6-278A03F003D7}.Release|x64.Build.0 = Release|Any CPU
		{1664DD0F-A3F0-44FD-97E6-278A03F003D7}.Release|x86.ActiveCfg = Release|Any CPU
		{1664DD0F-A3F0-44FD-97E6-278A03F003D7}.Release|x86.Build.0 = Release|Any CPU
	EndGlobalSection
	GlobalSection(SolutionProperties) = preSolution
		HideSolutionNode = FALSE
	EndGlobalSection
	GlobalSection(ExtensibilityGlobals) = postSolution
		SolutionGuid = {5F841D9D-FB10-435F-A4D1-55A3E9497868}
	EndGlobalSection
EndGlobal
