
Microsoft Visual Studio Solution File, Format Version 12.00
# Visual Studio Version 17
VisualStudioVersion = 17.2.32526.322
MinimumVisualStudioVersion = 10.0.40219.1
Project("{FAE04EC0-301F-11D3-BF4B-00C04F79EFBC}") = "FileManager", "FileManager.csproj", "{9A974B3D-CB0D-4640-B83E-5BB96CE29625}"
EndProject
Project("{FAE04EC0-301F-11D3-BF4B-00C04F79EFBC}") = "Library1", "..\Library1\Library1.csproj", "{6CDC8EBE-307F-46A7-AE4E-7C786413BA8F}"
EndProject
Project("{FAE04EC0-301F-11D3-BF4B-00C04F79EFBC}") = "Library2", "..\Library2\Library2.csproj", "{8F697A18-DB4A-478F-B571-B999EBEA7FF7}"
EndProject
Project("{FAE04EC0-301F-11D3-BF4B-00C04F79EFBC}") = "Library3", "..\Library3\Library3.csproj", "{7668BB1D-71BF-493E-AA15-261EEFAAD8FB}"
EndProject
Global
	GlobalSection(SolutionConfigurationPlatforms) = preSolution
		Debug|Any CPU = Debug|Any CPU
		Debug|x64 = Debug|x64
		Debug|x86 = Debug|x86
		Release|Any CPU = Release|Any CPU
		Release|x64 = Release|x64
		Release|x86 = Release|x86
	EndGlobalSection
	GlobalSection(ProjectConfigurationPlatforms) = postSolution
		{9A974B3D-CB0D-4640-B83E-5BB96CE29625}.Debug|Any CPU.ActiveCfg = Debug|x64
		{9A974B3D-CB0D-4640-B83E-5BB96CE29625}.Debug|Any CPU.Build.0 = Debug|x64
		{9A974B3D-CB0D-4640-B83E-5BB96CE29625}.Debug|x64.ActiveCfg = Debug|x64
		{9A974B3D-CB0D-4640-B83E-5BB96CE29625}.Debug|x64.Build.0 = Debug|x64
		{9A974B3D-CB0D-4640-B83E-5BB96CE29625}.Debug|x86.ActiveCfg = Debug|x86
		{9A974B3D-CB0D-4640-B83E-5BB96CE29625}.Debug|x86.Build.0 = Debug|x86
		{9A974B3D-CB0D-4640-B83E-5BB96CE29625}.Release|Any CPU.ActiveCfg = Release|Any CPU
		{9A974B3D-CB0D-4640-B83E-5BB96CE29625}.Release|Any CPU.Build.0 = Release|Any CPU
		{9A974B3D-CB0D-4640-B83E-5BB96CE29625}.Release|x64.ActiveCfg = Release|x64
		{9A974B3D-CB0D-4640-B83E-5BB96CE29625}.Release|x64.Build.0 = Release|x64
		{9A974B3D-CB0D-4640-B83E-5BB96CE29625}.Release|x86.ActiveCfg = Release|x86
		{9A974B3D-CB0D-4640-B83E-5BB96CE29625}.Release|x86.Build.0 = Release|x86
		{6CDC8EBE-307F-46A7-AE4E-7C786413BA8F}.Debug|Any CPU.ActiveCfg = Debug|x64
		{6CDC8EBE-307F-46A7-AE4E-7C786413BA8F}.Debug|Any CPU.Build.0 = Debug|x64
		{6CDC8EBE-307F-46A7-AE4E-7C786413BA8F}.Debug|x64.ActiveCfg = Debug|x64
		{6CDC8EBE-307F-46A7-AE4E-7C786413BA8F}.Debug|x64.Build.0 = Debug|x64
		{6CDC8EBE-307F-46A7-AE4E-7C786413BA8F}.Debug|x86.ActiveCfg = Debug|x86
		{6CDC8EBE-307F-46A7-AE4E-7C786413BA8F}.Debug|x86.Build.0 = Debug|x86
		{6CDC8EBE-307F-46A7-AE4E-7C786413BA8F}.Release|Any CPU.ActiveCfg = Release|Any CPU
		{6CDC8EBE-307F-46A7-AE4E-7C786413BA8F}.Release|Any CPU.Build.0 = Release|Any CPU
		{6CDC8EBE-307F-46A7-AE4E-7C786413BA8F}.Release|x64.ActiveCfg = Release|x64
		{6CDC8EBE-307F-46A7-AE4E-7C786413BA8F}.Release|x64.Build.0 = Release|x64
		{6CDC8EBE-307F-46A7-AE4E-7C786413BA8F}.Release|x86.ActiveCfg = Release|x86
		{6CDC8EBE-307F-46A7-AE4E-7C786413BA8F}.Release|x86.Build.0 = Release|x86
		{8F697A18-DB4A-478F-B571-B999EBEA7FF7}.Debug|Any CPU.ActiveCfg = Debug|x64
		{8F697A18-DB4A-478F-B571-B999EBEA7FF7}.Debug|Any CPU.Build.0 = Debug|x64
		{8F697A18-DB4A-478F-B571-B999EBEA7FF7}.Debug|x64.ActiveCfg = Debug|x64
		{8F697A18-DB4A-478F-B571-B999EBEA7FF7}.Debug|x64.Build.0 = Debug|x64
		{8F697A18-DB4A-478F-B571-B999EBEA7FF7}.Debug|x86.ActiveCfg = Debug|Any CPU
		{8F697A18-DB4A-478F-B571-B999EBEA7FF7}.Debug|x86.Build.0 = Debug|Any CPU
		{8F697A18-DB4A-478F-B571-B999EBEA7FF7}.Release|Any CPU.ActiveCfg = Release|Any CPU
		{8F697A18-DB4A-478F-B571-B999EBEA7FF7}.Release|Any CPU.Build.0 = Release|Any CPU
		{8F697A18-DB4A-478F-B571-B999EBEA7FF7}.Release|x64.ActiveCfg = Release|Any CPU
		{8F697A18-DB4A-478F-B571-B999EBEA7FF7}.Release|x64.Build.0 = Release|Any CPU
		{8F697A18-DB4A-478F-B571-B999EBEA7FF7}.Release|x86.ActiveCfg = Release|Any CPU
		{8F697A18-DB4A-478F-B571-B999EBEA7FF7}.Release|x86.Build.0 = Release|Any CPU
		{7668BB1D-71BF-493E-AA15-261EEFAAD8FB}.Debug|Any CPU.ActiveCfg = Debug|Any CPU
		{7668BB1D-71BF-493E-AA15-261EEFAAD8FB}.Debug|Any CPU.Build.0 = Debug|Any CPU
		{7668BB1D-71BF-493E-AA15-261EEFAAD8FB}.Debug|x64.ActiveCfg = Debug|Any CPU
		{7668BB1D-71BF-493E-AA15-261EEFAAD8FB}.Debug|x64.Build.0 = Debug|Any CPU
		{7668BB1D-71BF-493E-AA15-261EEFAAD8FB}.Debug|x86.ActiveCfg = Debug|Any CPU
		{7668BB1D-71BF-493E-AA15-261EEFAAD8FB}.Debug|x86.Build.0 = Debug|Any CPU
		{7668BB1D-71BF-493E-AA15-261EEFAAD8FB}.Release|Any CPU.ActiveCfg = Release|Any CPU
		{7668BB1D-71BF-493E-AA15-261EEFAAD8FB}.Release|Any CPU.Build.0 = Release|Any CPU
		{7668BB1D-71BF-493E-AA15-261EEFAAD8FB}.Release|x64.ActiveCfg = Release|Any CPU
		{7668BB1D-71BF-493E-AA15-261EEFAAD8FB}.Release|x64.Build.0 = Release|Any CPU
		{7668BB1D-71BF-493E-AA15-261EEFAAD8FB}.Release|x86.ActiveCfg = Release|Any CPU
		{7668BB1D-71BF-493E-AA15-261EEFAAD8FB}.Release|x86.Build.0 = Release|Any CPU
	EndGlobalSection
	GlobalSection(SolutionProperties) = preSolution
		HideSolutionNode = FALSE
	EndGlobalSection
	GlobalSection(ExtensibilityGlobals) = postSolution
		SolutionGuid = {5F841D9D-FB10-435F-A4D1-55A3E9497868}
	EndGlobalSection
EndGlobal
