
Microsoft Visual Studio Solution File, Format Version 12.00
# Visual Studio Version 17
VisualStudioVersion = 17.2.32519.379
MinimumVisualStudioVersion = 10.0.40219.1
Project("{FAE04EC0-301F-11D3-BF4B-00C04F79EFBC}") = "Project2", "Project2.csproj", "{E2231563-522E-4376-8DC6-A1D61D7DF592}"
EndProject
Global
	GlobalSection(SolutionConfigurationPlatforms) = preSolution
		Debug|Any CPU = Debug|Any CPU
		Release|Any CPU = Release|Any CPU
	EndGlobalSection
	GlobalSection(ProjectConfigurationPlatforms) = postSolution
		{E2231563-522E-4376-8DC6-A1D61D7DF592}.Debug|Any CPU.ActiveCfg = Debug|Any CPU
		{E2231563-522E-4376-8DC6-A1D61D7DF592}.Debug|Any CPU.Build.0 = Debug|Any CPU
		{E2231563-522E-4376-8DC6-A1D61D7DF592}.Release|Any CPU.ActiveCfg = Release|Any CPU
		{E2231563-522E-4376-8DC6-A1D61D7DF592}.Release|Any CPU.Build.0 = Release|Any CPU
	EndGlobalSection
	GlobalSection(SolutionProperties) = preSolution
		HideSolutionNode = FALSE
	EndGlobalSection
	GlobalSection(ExtensibilityGlobals) = postSolution
		SolutionGuid = {869165C8-247E-4FD5-8F0F-42122A74CCC9}
	EndGlobalSection
EndGlobal
