
Microsoft Visual Studio Solution File, Format Version 12.00
# Visual Studio Version 17
VisualStudioVersion = 17.2.32519.379
MinimumVisualStudioVersion = 10.0.40219.1
Project("{FAE04EC0-301F-11D3-BF4B-00C04F79EFBC}") = "Project2", "Project2.csproj", "{CF01C787-38A4-4AD3-8CA7-61FDB74FBDBA}"
EndProject
Global
	GlobalSection(SolutionConfigurationPlatforms) = preSolution
		Debug|Any CPU = Debug|Any CPU
		Release|Any CPU = Release|Any CPU
	EndGlobalSection
	GlobalSection(ProjectConfigurationPlatforms) = postSolution
		{CF01C787-38A4-4AD3-8CA7-61FDB74FBDBA}.Debug|Any CPU.ActiveCfg = Debug|Any CPU
		{CF01C787-38A4-4AD3-8CA7-61FDB74FBDBA}.Debug|Any CPU.Build.0 = Debug|Any CPU
		{CF01C787-38A4-4AD3-8CA7-61FDB74FBDBA}.Release|Any CPU.ActiveCfg = Release|Any CPU
		{CF01C787-38A4-4AD3-8CA7-61FDB74FBDBA}.Release|Any CPU.Build.0 = Release|Any CPU
	EndGlobalSection
	GlobalSection(SolutionProperties) = preSolution
		HideSolutionNode = FALSE
	EndGlobalSection
	GlobalSection(ExtensibilityGlobals) = postSolution
		SolutionGuid = {9ED8F4FE-E36F-4E1C-93F9-E3EEACA0D14B}
	EndGlobalSection
EndGlobal
