
Microsoft Visual Studio Solution File, Format Version 12.00
# Visual Studio Version 17
VisualStudioVersion = 17.2.32519.379
MinimumVisualStudioVersion = 10.0.40219.1
Project("{9A19103F-16F7-4668-BE54-9A1E7A4F7556}") = "TaskManager", "TaskManager.csproj", "{DE8B1C9A-1DD3-429C-8CBE-BE40D2C53B31}"
EndProject
Global
	GlobalSection(SolutionConfigurationPlatforms) = preSolution
		Debug|Any CPU = Debug|Any CPU
		Release|Any CPU = Release|Any CPU
	EndGlobalSection
	GlobalSection(ProjectConfigurationPlatforms) = postSolution
		{DE8B1C9A-1DD3-429C-8CBE-BE40D2C53B31}.Debug|Any CPU.ActiveCfg = Debug|Any CPU
		{DE8B1C9A-1DD3-429C-8CBE-BE40D2C53B31}.Debug|Any CPU.Build.0 = Debug|Any CPU
		{DE8B1C9A-1DD3-429C-8CBE-BE40D2C53B31}.Release|Any CPU.ActiveCfg = Release|Any CPU
		{DE8B1C9A-1DD3-429C-8CBE-BE40D2C53B31}.Release|Any CPU.Build.0 = Release|Any CPU
	EndGlobalSection
	GlobalSection(SolutionProperties) = preSolution
		HideSolutionNode = FALSE
	EndGlobalSection
	GlobalSection(ExtensibilityGlobals) = postSolution
		SolutionGuid = {EDF18567-8F85-4EFD-92D1-173EE937139C}
	EndGlobalSection
EndGlobal
